{
  "version": "3",
  "remote": {
    "https://deno.land/std@0.117.0/fmt/colors.ts": "8368ddf2d48dfe413ffd04cdbb7ae6a1009cf0dccc9c7ff1d76259d9c61a0621",
    "https://deno.land/std@0.117.0/testing/_diff.ts": "e6a10d2aca8d6c27a9c5b8a2dbbf64353874730af539707b5b39d4128140642d",
    "https://deno.land/std@0.117.0/testing/asserts.ts": "a1fef0239a2c343b0baa49c77dcdd7412613c46f3aba2887c331a2d7ed1f645e",
    "https://esm.sh/*preact-render-to-string@6.1.0?pin=v135": "ce1c6902880f66372096778d76a4afcb1e7f10a7349939c146d5e33aee5962dd",
    "https://esm.sh/preact@10.15.1?pin=v135": "796ac5b6d7b4c71b1eba2e60dee47d3a7c639d99b546b35902af6405e845cf5a",
    "https://esm.sh/stable/preact@10.15.1/denonext/preact.mjs": "30710ac1d5ff3711ae0c04eddbeb706f34f82d97489f61aaf09897bc75d2a628",
    "https://esm.sh/v135/preact-render-to-string@6.1.0/X-ZS8q/denonext/preact-render-to-string.mjs": "8ce71d44f2a197f8fafa24c8d1ac19e0d7fac5a171efae6154f8d754e1ae0ae4"
  }
}
